
Microsoft Visual Studio Solution File, Format Version 12.00
# Visual Studio Version 17
VisualStudioVersion = 17.7.34031.279
MinimumVisualStudioVersion = 10.0.40219.1
Project("{FAE04EC0-301F-11D3-BF4B-00C04F79EFBC}") = "CalculationArea", "CalculationArea\CalculationArea.csproj", "{D9FB2829-27CB-40C2-A213-DEB265A94D60}"
EndProject
Project("{FAE04EC0-301F-11D3-BF4B-00C04F79EFBC}") = "CalculationArea.Tests", "CalculationArea.Tests\CalculationArea.Tests.csproj", "{82F3C31F-7911-410C-B40D-D7C5F301C46D}"
EndProject
Project("{F2A71F9B-5D33-465A-A702-920D77279786}") = "CalculationArea.FSharp", "CalculationArea.FSharp\CalculationArea.FSharp.fsproj", "{C0D190BB-F676-4E80-9480-FAFA2ED09DE1}"
EndProject
Project("{F2A71F9B-5D33-465A-A702-920D77279786}") = "CalculationArea.FSharp.Tests", "CalculationArea.FSharp.Tests\CalculationArea.FSharp.Tests.fsproj", "{6692DA90-79D5-4E55-A4B3-C1BD7DDA2E25}"
EndProject
Project("{2150E333-8FDC-42A3-9474-1A3956D46DE8}") = "SQL", "SQL", "{328D24FD-4715-41A8-B82A-F77D5DEF0C70}"
	ProjectSection(SolutionItems) = preProject
		Product_Сategories.sql = Product_Сategories.sql
	EndProjectSection
EndProject
Global
	GlobalSection(SolutionConfigurationPlatforms) = preSolution
		Debug|Any CPU = Debug|Any CPU
		Release|Any CPU = Release|Any CPU
	EndGlobalSection
	GlobalSection(ProjectConfigurationPlatforms) = postSolution
		{D9FB2829-27CB-40C2-A213-DEB265A94D60}.Debug|Any CPU.ActiveCfg = Debug|Any CPU
		{D9FB2829-27CB-40C2-A213-DEB265A94D60}.Debug|Any CPU.Build.0 = Debug|Any CPU
		{D9FB2829-27CB-40C2-A213-DEB265A94D60}.Release|Any CPU.ActiveCfg = Release|Any CPU
		{D9FB2829-27CB-40C2-A213-DEB265A94D60}.Release|Any CPU.Build.0 = Release|Any CPU
		{82F3C31F-7911-410C-B40D-D7C5F301C46D}.Debug|Any CPU.ActiveCfg = Debug|Any CPU
		{82F3C31F-7911-410C-B40D-D7C5F301C46D}.Debug|Any CPU.Build.0 = Debug|Any CPU
		{82F3C31F-7911-410C-B40D-D7C5F301C46D}.Release|Any CPU.ActiveCfg = Release|Any CPU
		{82F3C31F-7911-410C-B40D-D7C5F301C46D}.Release|Any CPU.Build.0 = Release|Any CPU
		{C0D190BB-F676-4E80-9480-FAFA2ED09DE1}.Debug|Any CPU.ActiveCfg = Debug|Any CPU
		{C0D190BB-F676-4E80-9480-FAFA2ED09DE1}.Debug|Any CPU.Build.0 = Debug|Any CPU
		{C0D190BB-F676-4E80-9480-FAFA2ED09DE1}.Release|Any CPU.ActiveCfg = Release|Any CPU
		{C0D190BB-F676-4E80-9480-FAFA2ED09DE1}.Release|Any CPU.Build.0 = Release|Any CPU
		{6692DA90-79D5-4E55-A4B3-C1BD7DDA2E25}.Debug|Any CPU.ActiveCfg = Debug|Any CPU
		{6692DA90-79D5-4E55-A4B3-C1BD7DDA2E25}.Debug|Any CPU.Build.0 = Debug|Any CPU
		{6692DA90-79D5-4E55-A4B3-C1BD7DDA2E25}.Release|Any CPU.ActiveCfg = Release|Any CPU
		{6692DA90-79D5-4E55-A4B3-C1BD7DDA2E25}.Release|Any CPU.Build.0 = Release|Any CPU
	EndGlobalSection
	GlobalSection(SolutionProperties) = preSolution
		HideSolutionNode = FALSE
	EndGlobalSection
	GlobalSection(ExtensibilityGlobals) = postSolution
		SolutionGuid = {C8FD6ED8-124C-4A44-8E90-AFC315115439}
	EndGlobalSection
EndGlobal
